
Microsoft Visual Studio Solution File, Format Version 12.00
# Visual Studio Version 16
VisualStudioVersion = 16.0.31729.503
MinimumVisualStudioVersion = 10.0.40219.1
Project("{FAE04EC0-301F-11D3-BF4B-00C04F79EFBC}") = "Sayfa95", "Sayfa95.csproj", "{91E29712-2C44-4B43-A6CA-001397636598}"
EndProject
Global
	GlobalSection(SolutionConfigurationPlatforms) = preSolution
		Debug|Any CPU = Debug|Any CPU
		Release|Any CPU = Release|Any CPU
	EndGlobalSection
	GlobalSection(ProjectConfigurationPlatforms) = postSolution
		{91E29712-2C44-4B43-A6CA-001397636598}.Debug|Any CPU.ActiveCfg = Debug|Any CPU
		{91E29712-2C44-4B43-A6CA-001397636598}.Debug|Any CPU.Build.0 = Debug|Any CPU
		{91E29712-2C44-4B43-A6CA-001397636598}.Release|Any CPU.ActiveCfg = Release|Any CPU
		{91E29712-2C44-4B43-A6CA-001397636598}.Release|Any CPU.Build.0 = Release|Any CPU
	EndGlobalSection
	GlobalSection(SolutionProperties) = preSolution
		HideSolutionNode = FALSE
	EndGlobalSection
	GlobalSection(ExtensibilityGlobals) = postSolution
		SolutionGuid = {F6BB699F-0246-4920-BBE5-C4C47916C423}
	EndGlobalSection
EndGlobal
