
Microsoft Visual Studio Solution File, Format Version 12.00
# Visual Studio Version 16
VisualStudioVersion = 16.0.31729.503
MinimumVisualStudioVersion = 10.0.40219.1
Project("{FAE04EC0-301F-11D3-BF4B-00C04F79EFBC}") = "Sayfa121", "Sayfa121.csproj", "{62B04834-22A2-4611-82C1-55562DAB84BA}"
EndProject
Global
	GlobalSection(SolutionConfigurationPlatforms) = preSolution
		Debug|Any CPU = Debug|Any CPU
		Release|Any CPU = Release|Any CPU
	EndGlobalSection
	GlobalSection(ProjectConfigurationPlatforms) = postSolution
		{62B04834-22A2-4611-82C1-55562DAB84BA}.Debug|Any CPU.ActiveCfg = Debug|Any CPU
		{62B04834-22A2-4611-82C1-55562DAB84BA}.Debug|Any CPU.Build.0 = Debug|Any CPU
		{62B04834-22A2-4611-82C1-55562DAB84BA}.Release|Any CPU.ActiveCfg = Release|Any CPU
		{62B04834-22A2-4611-82C1-55562DAB84BA}.Release|Any CPU.Build.0 = Release|Any CPU
	EndGlobalSection
	GlobalSection(SolutionProperties) = preSolution
		HideSolutionNode = FALSE
	EndGlobalSection
	GlobalSection(ExtensibilityGlobals) = postSolution
		SolutionGuid = {B232E0C9-78B1-436D-B23D-45AF4B8B6C23}
	EndGlobalSection
EndGlobal
