
Microsoft Visual Studio Solution File, Format Version 12.00
# Visual Studio Version 16
VisualStudioVersion = 16.0.31729.503
MinimumVisualStudioVersion = 10.0.40219.1
Project("{FAE04EC0-301F-11D3-BF4B-00C04F79EFBC}") = "Sayfa216", "Sayfa216.csproj", "{DAA1E49D-BF9B-4EFB-AD1D-18BAA523BA6D}"
EndProject
Global
	GlobalSection(SolutionConfigurationPlatforms) = preSolution
		Debug|Any CPU = Debug|Any CPU
		Release|Any CPU = Release|Any CPU
	EndGlobalSection
	GlobalSection(ProjectConfigurationPlatforms) = postSolution
		{DAA1E49D-BF9B-4EFB-AD1D-18BAA523BA6D}.Debug|Any CPU.ActiveCfg = Debug|Any CPU
		{DAA1E49D-BF9B-4EFB-AD1D-18BAA523BA6D}.Debug|Any CPU.Build.0 = Debug|Any CPU
		{DAA1E49D-BF9B-4EFB-AD1D-18BAA523BA6D}.Release|Any CPU.ActiveCfg = Release|Any CPU
		{DAA1E49D-BF9B-4EFB-AD1D-18BAA523BA6D}.Release|Any CPU.Build.0 = Release|Any CPU
	EndGlobalSection
	GlobalSection(SolutionProperties) = preSolution
		HideSolutionNode = FALSE
	EndGlobalSection
	GlobalSection(ExtensibilityGlobals) = postSolution
		SolutionGuid = {AEE5F020-A6C7-461A-9B93-20721FAB2D95}
	EndGlobalSection
EndGlobal
