
Microsoft Visual Studio Solution File, Format Version 12.00
# Visual Studio Version 16
VisualStudioVersion = 16.0.31729.503
MinimumVisualStudioVersion = 10.0.40219.1
Project("{FAE04EC0-301F-11D3-BF4B-00C04F79EFBC}") = "Sayfa74(panel)", "Sayfa74(panel).csproj", "{9EDD2F87-3181-4BBE-8373-50A47F13DDBB}"
EndProject
Global
	GlobalSection(SolutionConfigurationPlatforms) = preSolution
		Debug|Any CPU = Debug|Any CPU
		Release|Any CPU = Release|Any CPU
	EndGlobalSection
	GlobalSection(ProjectConfigurationPlatforms) = postSolution
		{9EDD2F87-3181-4BBE-8373-50A47F13DDBB}.Debug|Any CPU.ActiveCfg = Debug|Any CPU
		{9EDD2F87-3181-4BBE-8373-50A47F13DDBB}.Debug|Any CPU.Build.0 = Debug|Any CPU
		{9EDD2F87-3181-4BBE-8373-50A47F13DDBB}.Release|Any CPU.ActiveCfg = Release|Any CPU
		{9EDD2F87-3181-4BBE-8373-50A47F13DDBB}.Release|Any CPU.Build.0 = Release|Any CPU
	EndGlobalSection
	GlobalSection(SolutionProperties) = preSolution
		HideSolutionNode = FALSE
	EndGlobalSection
	GlobalSection(ExtensibilityGlobals) = postSolution
		SolutionGuid = {89490280-9472-4CD4-88AC-AA71EFD2B9DE}
	EndGlobalSection
EndGlobal
