
Microsoft Visual Studio Solution File, Format Version 12.00
# Visual Studio Version 16
VisualStudioVersion = 16.0.31729.503
MinimumVisualStudioVersion = 10.0.40219.1
Project("{FAE04EC0-301F-11D3-BF4B-00C04F79EFBC}") = "Sayfa54(Mesa,Başlık,Düğmeler,Simge)", "Sayfa54(Mesa,Başlık,Düğmeler,Simge).csproj", "{1247345E-C130-4908-804E-54DFE21E7941}"
EndProject
Global
	GlobalSection(SolutionConfigurationPlatforms) = preSolution
		Debug|Any CPU = Debug|Any CPU
		Release|Any CPU = Release|Any CPU
	EndGlobalSection
	GlobalSection(ProjectConfigurationPlatforms) = postSolution
		{1247345E-C130-4908-804E-54DFE21E7941}.Debug|Any CPU.ActiveCfg = Debug|Any CPU
		{1247345E-C130-4908-804E-54DFE21E7941}.Debug|Any CPU.Build.0 = Debug|Any CPU
		{1247345E-C130-4908-804E-54DFE21E7941}.Release|Any CPU.ActiveCfg = Release|Any CPU
		{1247345E-C130-4908-804E-54DFE21E7941}.Release|Any CPU.Build.0 = Release|Any CPU
	EndGlobalSection
	GlobalSection(SolutionProperties) = preSolution
		HideSolutionNode = FALSE
	EndGlobalSection
	GlobalSection(ExtensibilityGlobals) = postSolution
		SolutionGuid = {B77E477C-1648-484A-86E4-47D67353A803}
	EndGlobalSection
EndGlobal
