
Microsoft Visual Studio Solution File, Format Version 12.00
# Visual Studio Version 16
VisualStudioVersion = 16.0.31729.503
MinimumVisualStudioVersion = 10.0.40219.1
Project("{FAE04EC0-301F-11D3-BF4B-00C04F79EFBC}") = "Sayfa79", "Sayfa79.csproj", "{340F4A39-5A73-4DE4-8D70-D2B120D2076B}"
EndProject
Global
	GlobalSection(SolutionConfigurationPlatforms) = preSolution
		Debug|Any CPU = Debug|Any CPU
		Release|Any CPU = Release|Any CPU
	EndGlobalSection
	GlobalSection(ProjectConfigurationPlatforms) = postSolution
		{340F4A39-5A73-4DE4-8D70-D2B120D2076B}.Debug|Any CPU.ActiveCfg = Debug|Any CPU
		{340F4A39-5A73-4DE4-8D70-D2B120D2076B}.Debug|Any CPU.Build.0 = Debug|Any CPU
		{340F4A39-5A73-4DE4-8D70-D2B120D2076B}.Release|Any CPU.ActiveCfg = Release|Any CPU
		{340F4A39-5A73-4DE4-8D70-D2B120D2076B}.Release|Any CPU.Build.0 = Release|Any CPU
	EndGlobalSection
	GlobalSection(SolutionProperties) = preSolution
		HideSolutionNode = FALSE
	EndGlobalSection
	GlobalSection(ExtensibilityGlobals) = postSolution
		SolutionGuid = {501A29B5-77A9-4E74-B15C-B5F5D45E8CE9}
	EndGlobalSection
EndGlobal
