
Microsoft Visual Studio Solution File, Format Version 12.00
# Visual Studio Version 16
VisualStudioVersion = 16.0.31729.503
MinimumVisualStudioVersion = 10.0.40219.1
Project("{FAE04EC0-301F-11D3-BF4B-00C04F79EFBC}") = "Sayfa121(Addrange)", "Sayfa121(Addrange).csproj", "{44818C64-C8DD-48A7-BFB4-1C6D637367AD}"
EndProject
Global
	GlobalSection(SolutionConfigurationPlatforms) = preSolution
		Debug|Any CPU = Debug|Any CPU
		Release|Any CPU = Release|Any CPU
	EndGlobalSection
	GlobalSection(ProjectConfigurationPlatforms) = postSolution
		{44818C64-C8DD-48A7-BFB4-1C6D637367AD}.Debug|Any CPU.ActiveCfg = Debug|Any CPU
		{44818C64-C8DD-48A7-BFB4-1C6D637367AD}.Debug|Any CPU.Build.0 = Debug|Any CPU
		{44818C64-C8DD-48A7-BFB4-1C6D637367AD}.Release|Any CPU.ActiveCfg = Release|Any CPU
		{44818C64-C8DD-48A7-BFB4-1C6D637367AD}.Release|Any CPU.Build.0 = Release|Any CPU
	EndGlobalSection
	GlobalSection(SolutionProperties) = preSolution
		HideSolutionNode = FALSE
	EndGlobalSection
	GlobalSection(ExtensibilityGlobals) = postSolution
		SolutionGuid = {8306AFB1-799A-47F3-9961-C1FDCE6F5CF7}
	EndGlobalSection
EndGlobal
