
Microsoft Visual Studio Solution File, Format Version 12.00
# Visual Studio Version 16
VisualStudioVersion = 16.0.31729.503
MinimumVisualStudioVersion = 10.0.40219.1
Project("{FAE04EC0-301F-11D3-BF4B-00C04F79EFBC}") = "Sayfa233(DashStyle)", "Sayfa233(DashStyle).csproj", "{838B5BF6-160A-4068-BD8A-B080B099D167}"
EndProject
Global
	GlobalSection(SolutionConfigurationPlatforms) = preSolution
		Debug|Any CPU = Debug|Any CPU
		Release|Any CPU = Release|Any CPU
	EndGlobalSection
	GlobalSection(ProjectConfigurationPlatforms) = postSolution
		{838B5BF6-160A-4068-BD8A-B080B099D167}.Debug|Any CPU.ActiveCfg = Debug|Any CPU
		{838B5BF6-160A-4068-BD8A-B080B099D167}.Debug|Any CPU.Build.0 = Debug|Any CPU
		{838B5BF6-160A-4068-BD8A-B080B099D167}.Release|Any CPU.ActiveCfg = Release|Any CPU
		{838B5BF6-160A-4068-BD8A-B080B099D167}.Release|Any CPU.Build.0 = Release|Any CPU
	EndGlobalSection
	GlobalSection(SolutionProperties) = preSolution
		HideSolutionNode = FALSE
	EndGlobalSection
	GlobalSection(ExtensibilityGlobals) = postSolution
		SolutionGuid = {783C54E0-CA73-4917-8390-DE3654148E03}
	EndGlobalSection
EndGlobal
