
Microsoft Visual Studio Solution File, Format Version 12.00
# Visual Studio Version 16
VisualStudioVersion = 16.0.31729.503
MinimumVisualStudioVersion = 10.0.40219.1
Project("{FAE04EC0-301F-11D3-BF4B-00C04F79EFBC}") = "Sayfa57", "Sayfa57.csproj", "{ECF0A47C-246A-4523-9DA3-F6B7FF620420}"
EndProject
Global
	GlobalSection(SolutionConfigurationPlatforms) = preSolution
		Debug|Any CPU = Debug|Any CPU
		Release|Any CPU = Release|Any CPU
	EndGlobalSection
	GlobalSection(ProjectConfigurationPlatforms) = postSolution
		{ECF0A47C-246A-4523-9DA3-F6B7FF620420}.Debug|Any CPU.ActiveCfg = Debug|Any CPU
		{ECF0A47C-246A-4523-9DA3-F6B7FF620420}.Debug|Any CPU.Build.0 = Debug|Any CPU
		{ECF0A47C-246A-4523-9DA3-F6B7FF620420}.Release|Any CPU.ActiveCfg = Release|Any CPU
		{ECF0A47C-246A-4523-9DA3-F6B7FF620420}.Release|Any CPU.Build.0 = Release|Any CPU
	EndGlobalSection
	GlobalSection(SolutionProperties) = preSolution
		HideSolutionNode = FALSE
	EndGlobalSection
	GlobalSection(ExtensibilityGlobals) = postSolution
		SolutionGuid = {7EFF7001-A3B3-4453-BE40-6A48D84551CF}
	EndGlobalSection
EndGlobal
