
Microsoft Visual Studio Solution File, Format Version 12.00
# Visual Studio Version 16
VisualStudioVersion = 16.0.31729.503
MinimumVisualStudioVersion = 10.0.40219.1
Project("{FAE04EC0-301F-11D3-BF4B-00C04F79EFBC}") = "Soru10", "Soru10.csproj", "{062FC26A-EB26-4916-8AB1-E73A25326CC2}"
EndProject
Global
	GlobalSection(SolutionConfigurationPlatforms) = preSolution
		Debug|Any CPU = Debug|Any CPU
		Release|Any CPU = Release|Any CPU
	EndGlobalSection
	GlobalSection(ProjectConfigurationPlatforms) = postSolution
		{062FC26A-EB26-4916-8AB1-E73A25326CC2}.Debug|Any CPU.ActiveCfg = Debug|Any CPU
		{062FC26A-EB26-4916-8AB1-E73A25326CC2}.Debug|Any CPU.Build.0 = Debug|Any CPU
		{062FC26A-EB26-4916-8AB1-E73A25326CC2}.Release|Any CPU.ActiveCfg = Release|Any CPU
		{062FC26A-EB26-4916-8AB1-E73A25326CC2}.Release|Any CPU.Build.0 = Release|Any CPU
	EndGlobalSection
	GlobalSection(SolutionProperties) = preSolution
		HideSolutionNode = FALSE
	EndGlobalSection
	GlobalSection(ExtensibilityGlobals) = postSolution
		SolutionGuid = {D9713544-B561-4C53-87FB-E3C6DF46DE1B}
	EndGlobalSection
EndGlobal
