
Microsoft Visual Studio Solution File, Format Version 12.00
# Visual Studio Version 16
VisualStudioVersion = 16.0.31729.503
MinimumVisualStudioVersion = 10.0.40219.1
Project("{FAE04EC0-301F-11D3-BF4B-00C04F79EFBC}") = "Sayfa94", "Sayfa94.csproj", "{B313960B-EC2D-40A7-B1F0-65B536FFF290}"
EndProject
Global
	GlobalSection(SolutionConfigurationPlatforms) = preSolution
		Debug|Any CPU = Debug|Any CPU
		Release|Any CPU = Release|Any CPU
	EndGlobalSection
	GlobalSection(ProjectConfigurationPlatforms) = postSolution
		{B313960B-EC2D-40A7-B1F0-65B536FFF290}.Debug|Any CPU.ActiveCfg = Debug|Any CPU
		{B313960B-EC2D-40A7-B1F0-65B536FFF290}.Debug|Any CPU.Build.0 = Debug|Any CPU
		{B313960B-EC2D-40A7-B1F0-65B536FFF290}.Release|Any CPU.ActiveCfg = Release|Any CPU
		{B313960B-EC2D-40A7-B1F0-65B536FFF290}.Release|Any CPU.Build.0 = Release|Any CPU
	EndGlobalSection
	GlobalSection(SolutionProperties) = preSolution
		HideSolutionNode = FALSE
	EndGlobalSection
	GlobalSection(ExtensibilityGlobals) = postSolution
		SolutionGuid = {CB143988-BA3D-431E-A809-D2157E326D69}
	EndGlobalSection
EndGlobal
