
Microsoft Visual Studio Solution File, Format Version 12.00
# Visual Studio Version 16
VisualStudioVersion = 16.0.31729.503
MinimumVisualStudioVersion = 10.0.40219.1
Project("{FAE04EC0-301F-11D3-BF4B-00C04F79EFBC}") = "Sayfa228", "Sayfa228.csproj", "{95742B9F-2CDF-44F1-BFDB-4816E4F4E25D}"
EndProject
Global
	GlobalSection(SolutionConfigurationPlatforms) = preSolution
		Debug|Any CPU = Debug|Any CPU
		Release|Any CPU = Release|Any CPU
	EndGlobalSection
	GlobalSection(ProjectConfigurationPlatforms) = postSolution
		{95742B9F-2CDF-44F1-BFDB-4816E4F4E25D}.Debug|Any CPU.ActiveCfg = Debug|Any CPU
		{95742B9F-2CDF-44F1-BFDB-4816E4F4E25D}.Debug|Any CPU.Build.0 = Debug|Any CPU
		{95742B9F-2CDF-44F1-BFDB-4816E4F4E25D}.Release|Any CPU.ActiveCfg = Release|Any CPU
		{95742B9F-2CDF-44F1-BFDB-4816E4F4E25D}.Release|Any CPU.Build.0 = Release|Any CPU
	EndGlobalSection
	GlobalSection(SolutionProperties) = preSolution
		HideSolutionNode = FALSE
	EndGlobalSection
	GlobalSection(ExtensibilityGlobals) = postSolution
		SolutionGuid = {94967CD3-5D2A-4C77-9667-4FDE71ACB952}
	EndGlobalSection
EndGlobal
