
Microsoft Visual Studio Solution File, Format Version 12.00
# Visual Studio Version 16
VisualStudioVersion = 16.0.31729.503
MinimumVisualStudioVersion = 10.0.40219.1
Project("{FAE04EC0-301F-11D3-BF4B-00C04F79EFBC}") = "Sayfa225", "Sayfa225.csproj", "{E96B8B77-BE3F-434D-9E4C-96D37AE9210D}"
EndProject
Global
	GlobalSection(SolutionConfigurationPlatforms) = preSolution
		Debug|Any CPU = Debug|Any CPU
		Release|Any CPU = Release|Any CPU
	EndGlobalSection
	GlobalSection(ProjectConfigurationPlatforms) = postSolution
		{E96B8B77-BE3F-434D-9E4C-96D37AE9210D}.Debug|Any CPU.ActiveCfg = Debug|Any CPU
		{E96B8B77-BE3F-434D-9E4C-96D37AE9210D}.Debug|Any CPU.Build.0 = Debug|Any CPU
		{E96B8B77-BE3F-434D-9E4C-96D37AE9210D}.Release|Any CPU.ActiveCfg = Release|Any CPU
		{E96B8B77-BE3F-434D-9E4C-96D37AE9210D}.Release|Any CPU.Build.0 = Release|Any CPU
	EndGlobalSection
	GlobalSection(SolutionProperties) = preSolution
		HideSolutionNode = FALSE
	EndGlobalSection
	GlobalSection(ExtensibilityGlobals) = postSolution
		SolutionGuid = {D1D1DDA4-5A74-45D0-866C-85707F95B8E8}
	EndGlobalSection
EndGlobal
