
Microsoft Visual Studio Solution File, Format Version 12.00
# Visual Studio Version 16
VisualStudioVersion = 16.0.31729.503
MinimumVisualStudioVersion = 10.0.40219.1
Project("{FAE04EC0-301F-11D3-BF4B-00C04F79EFBC}") = "Sayfa56(ÇokSatirliPencere)", "Sayfa56(ÇokSatirliPencere).csproj", "{AC05A6EA-5A49-4830-8F94-0E7C1845E66A}"
EndProject
Global
	GlobalSection(SolutionConfigurationPlatforms) = preSolution
		Debug|Any CPU = Debug|Any CPU
		Release|Any CPU = Release|Any CPU
	EndGlobalSection
	GlobalSection(ProjectConfigurationPlatforms) = postSolution
		{AC05A6EA-5A49-4830-8F94-0E7C1845E66A}.Debug|Any CPU.ActiveCfg = Debug|Any CPU
		{AC05A6EA-5A49-4830-8F94-0E7C1845E66A}.Debug|Any CPU.Build.0 = Debug|Any CPU
		{AC05A6EA-5A49-4830-8F94-0E7C1845E66A}.Release|Any CPU.ActiveCfg = Release|Any CPU
		{AC05A6EA-5A49-4830-8F94-0E7C1845E66A}.Release|Any CPU.Build.0 = Release|Any CPU
	EndGlobalSection
	GlobalSection(SolutionProperties) = preSolution
		HideSolutionNode = FALSE
	EndGlobalSection
	GlobalSection(ExtensibilityGlobals) = postSolution
		SolutionGuid = {67C3B782-3E35-494F-8303-0568E82F6D09}
	EndGlobalSection
EndGlobal
