
Microsoft Visual Studio Solution File, Format Version 12.00
# Visual Studio Version 16
VisualStudioVersion = 16.0.31729.503
MinimumVisualStudioVersion = 10.0.40219.1
Project("{FAE04EC0-301F-11D3-BF4B-00C04F79EFBC}") = "Sayfa237", "Sayfa237.csproj", "{949F919A-D74E-465A-9132-7E36679A52E6}"
EndProject
Global
	GlobalSection(SolutionConfigurationPlatforms) = preSolution
		Debug|Any CPU = Debug|Any CPU
		Release|Any CPU = Release|Any CPU
	EndGlobalSection
	GlobalSection(ProjectConfigurationPlatforms) = postSolution
		{949F919A-D74E-465A-9132-7E36679A52E6}.Debug|Any CPU.ActiveCfg = Debug|Any CPU
		{949F919A-D74E-465A-9132-7E36679A52E6}.Debug|Any CPU.Build.0 = Debug|Any CPU
		{949F919A-D74E-465A-9132-7E36679A52E6}.Release|Any CPU.ActiveCfg = Release|Any CPU
		{949F919A-D74E-465A-9132-7E36679A52E6}.Release|Any CPU.Build.0 = Release|Any CPU
	EndGlobalSection
	GlobalSection(SolutionProperties) = preSolution
		HideSolutionNode = FALSE
	EndGlobalSection
	GlobalSection(ExtensibilityGlobals) = postSolution
		SolutionGuid = {BD434C6F-9296-4624-9AA5-CCDF769AF000}
	EndGlobalSection
EndGlobal
