
Microsoft Visual Studio Solution File, Format Version 12.00
# Visual Studio Version 16
VisualStudioVersion = 16.0.31729.503
MinimumVisualStudioVersion = 10.0.40219.1
Project("{FAE04EC0-301F-11D3-BF4B-00C04F79EFBC}") = "Sayfa125", "Sayfa125.csproj", "{B31C4126-EBF9-4694-8CEC-21E560EDA751}"
EndProject
Global
	GlobalSection(SolutionConfigurationPlatforms) = preSolution
		Debug|Any CPU = Debug|Any CPU
		Release|Any CPU = Release|Any CPU
	EndGlobalSection
	GlobalSection(ProjectConfigurationPlatforms) = postSolution
		{B31C4126-EBF9-4694-8CEC-21E560EDA751}.Debug|Any CPU.ActiveCfg = Debug|Any CPU
		{B31C4126-EBF9-4694-8CEC-21E560EDA751}.Debug|Any CPU.Build.0 = Debug|Any CPU
		{B31C4126-EBF9-4694-8CEC-21E560EDA751}.Release|Any CPU.ActiveCfg = Release|Any CPU
		{B31C4126-EBF9-4694-8CEC-21E560EDA751}.Release|Any CPU.Build.0 = Release|Any CPU
	EndGlobalSection
	GlobalSection(SolutionProperties) = preSolution
		HideSolutionNode = FALSE
	EndGlobalSection
	GlobalSection(ExtensibilityGlobals) = postSolution
		SolutionGuid = {1950968F-083D-41FB-A30D-28D64EBACEB3}
	EndGlobalSection
EndGlobal
