
Microsoft Visual Studio Solution File, Format Version 12.00
# Visual Studio Version 16
VisualStudioVersion = 16.0.31729.503
MinimumVisualStudioVersion = 10.0.40219.1
Project("{FAE04EC0-301F-11D3-BF4B-00C04F79EFBC}") = "Sayfa45", "Sayfa45.csproj", "{DDE6288E-24AB-461A-B06B-0C74A50D8FCC}"
EndProject
Global
	GlobalSection(SolutionConfigurationPlatforms) = preSolution
		Debug|Any CPU = Debug|Any CPU
		Release|Any CPU = Release|Any CPU
	EndGlobalSection
	GlobalSection(ProjectConfigurationPlatforms) = postSolution
		{DDE6288E-24AB-461A-B06B-0C74A50D8FCC}.Debug|Any CPU.ActiveCfg = Debug|Any CPU
		{DDE6288E-24AB-461A-B06B-0C74A50D8FCC}.Debug|Any CPU.Build.0 = Debug|Any CPU
		{DDE6288E-24AB-461A-B06B-0C74A50D8FCC}.Release|Any CPU.ActiveCfg = Release|Any CPU
		{DDE6288E-24AB-461A-B06B-0C74A50D8FCC}.Release|Any CPU.Build.0 = Release|Any CPU
	EndGlobalSection
	GlobalSection(SolutionProperties) = preSolution
		HideSolutionNode = FALSE
	EndGlobalSection
	GlobalSection(ExtensibilityGlobals) = postSolution
		SolutionGuid = {F87099D6-FAFA-4FBB-8456-C35B9D0BEA38}
	EndGlobalSection
EndGlobal
