
Microsoft Visual Studio Solution File, Format Version 12.00
# Visual Studio Version 16
VisualStudioVersion = 16.0.31729.503
MinimumVisualStudioVersion = 10.0.40219.1
Project("{FAE04EC0-301F-11D3-BF4B-00C04F79EFBC}") = "Eksikkonular6", "Eksikkonular6.csproj", "{91A35F44-DA76-464F-80E0-D95CBCBAAB7F}"
EndProject
Global
	GlobalSection(SolutionConfigurationPlatforms) = preSolution
		Debug|Any CPU = Debug|Any CPU
		Release|Any CPU = Release|Any CPU
	EndGlobalSection
	GlobalSection(ProjectConfigurationPlatforms) = postSolution
		{91A35F44-DA76-464F-80E0-D95CBCBAAB7F}.Debug|Any CPU.ActiveCfg = Debug|Any CPU
		{91A35F44-DA76-464F-80E0-D95CBCBAAB7F}.Debug|Any CPU.Build.0 = Debug|Any CPU
		{91A35F44-DA76-464F-80E0-D95CBCBAAB7F}.Release|Any CPU.ActiveCfg = Release|Any CPU
		{91A35F44-DA76-464F-80E0-D95CBCBAAB7F}.Release|Any CPU.Build.0 = Release|Any CPU
	EndGlobalSection
	GlobalSection(SolutionProperties) = preSolution
		HideSolutionNode = FALSE
	EndGlobalSection
	GlobalSection(ExtensibilityGlobals) = postSolution
		SolutionGuid = {39B7F46E-534F-413A-9B9B-E6AA4C105514}
	EndGlobalSection
EndGlobal
