
Microsoft Visual Studio Solution File, Format Version 12.00
# Visual Studio Version 16
VisualStudioVersion = 16.0.31729.503
MinimumVisualStudioVersion = 10.0.40219.1
Project("{FAE04EC0-301F-11D3-BF4B-00C04F79EFBC}") = "Sayfa104(Undo)", "Sayfa104(Undo).csproj", "{EC1D563F-7B1F-4FE1-9162-FFF72834A955}"
EndProject
Global
	GlobalSection(SolutionConfigurationPlatforms) = preSolution
		Debug|Any CPU = Debug|Any CPU
		Release|Any CPU = Release|Any CPU
	EndGlobalSection
	GlobalSection(ProjectConfigurationPlatforms) = postSolution
		{EC1D563F-7B1F-4FE1-9162-FFF72834A955}.Debug|Any CPU.ActiveCfg = Debug|Any CPU
		{EC1D563F-7B1F-4FE1-9162-FFF72834A955}.Debug|Any CPU.Build.0 = Debug|Any CPU
		{EC1D563F-7B1F-4FE1-9162-FFF72834A955}.Release|Any CPU.ActiveCfg = Release|Any CPU
		{EC1D563F-7B1F-4FE1-9162-FFF72834A955}.Release|Any CPU.Build.0 = Release|Any CPU
	EndGlobalSection
	GlobalSection(SolutionProperties) = preSolution
		HideSolutionNode = FALSE
	EndGlobalSection
	GlobalSection(ExtensibilityGlobals) = postSolution
		SolutionGuid = {57EE03AC-2D40-46F1-9A13-F9B142ADF4AF}
	EndGlobalSection
EndGlobal
