
Microsoft Visual Studio Solution File, Format Version 12.00
# Visual Studio Version 16
VisualStudioVersion = 16.0.31729.503
MinimumVisualStudioVersion = 10.0.40219.1
Project("{FAE04EC0-301F-11D3-BF4B-00C04F79EFBC}") = "Sayfa123", "Sayfa123.csproj", "{EDF51F7B-68CE-4921-A405-615BF6CD5CD9}"
EndProject
Global
	GlobalSection(SolutionConfigurationPlatforms) = preSolution
		Debug|Any CPU = Debug|Any CPU
		Release|Any CPU = Release|Any CPU
	EndGlobalSection
	GlobalSection(ProjectConfigurationPlatforms) = postSolution
		{EDF51F7B-68CE-4921-A405-615BF6CD5CD9}.Debug|Any CPU.ActiveCfg = Debug|Any CPU
		{EDF51F7B-68CE-4921-A405-615BF6CD5CD9}.Debug|Any CPU.Build.0 = Debug|Any CPU
		{EDF51F7B-68CE-4921-A405-615BF6CD5CD9}.Release|Any CPU.ActiveCfg = Release|Any CPU
		{EDF51F7B-68CE-4921-A405-615BF6CD5CD9}.Release|Any CPU.Build.0 = Release|Any CPU
	EndGlobalSection
	GlobalSection(SolutionProperties) = preSolution
		HideSolutionNode = FALSE
	EndGlobalSection
	GlobalSection(ExtensibilityGlobals) = postSolution
		SolutionGuid = {06273C24-AABB-4E29-A103-9C7400B8A074}
	EndGlobalSection
EndGlobal
